
Microsoft Visual Studio Solution File, Format Version 12.00
# Visual Studio Version 16
VisualStudioVersion = 16.0.31515.178
MinimumVisualStudioVersion = 10.0.40219.1
Project("{FAE04EC0-301F-11D3-BF4B-00C04F79EFBC}") = "Tahaluf.LMS.API", "Tahaluf.LMS.API\Tahaluf.LMS.API.csproj", "{9313223B-0D8D-4769-B3DD-BFFB4AFA963E}"
EndProject
Project("{FAE04EC0-301F-11D3-BF4B-00C04F79EFBC}") = "Tahaluf.LMS.Infra", "Tahaluf.LMS.Infra\Tahaluf.LMS.Infra.csproj", "{D2922472-B44D-4DB8-BFB2-614EE33B3458}"
EndProject
Project("{FAE04EC0-301F-11D3-BF4B-00C04F79EFBC}") = "Tahaluf.LMS.Core", "Tahaluf.LMS.Core\Tahaluf.LMS.Core.csproj", "{2C145FD0-15DA-4B57-9DAE-A1571069B094}"
EndProject
Global
	GlobalSection(SolutionConfigurationPlatforms) = preSolution
		Debug|Any CPU = Debug|Any CPU
		Release|Any CPU = Release|Any CPU
	EndGlobalSection
	GlobalSection(ProjectConfigurationPlatforms) = postSolution
		{9313223B-0D8D-4769-B3DD-BFFB4AFA963E}.Debug|Any CPU.ActiveCfg = Debug|Any CPU
		{9313223B-0D8D-4769-B3DD-BFFB4AFA963E}.Debug|Any CPU.Build.0 = Debug|Any CPU
		{9313223B-0D8D-4769-B3DD-BFFB4AFA963E}.Release|Any CPU.ActiveCfg = Release|Any CPU
		{9313223B-0D8D-4769-B3DD-BFFB4AFA963E}.Release|Any CPU.Build.0 = Release|Any CPU
		{D2922472-B44D-4DB8-BFB2-614EE33B3458}.Debug|Any CPU.ActiveCfg = Debug|Any CPU
		{D2922472-B44D-4DB8-BFB2-614EE33B3458}.Debug|Any CPU.Build.0 = Debug|Any CPU
		{D2922472-B44D-4DB8-BFB2-614EE33B3458}.Release|Any CPU.ActiveCfg = Release|Any CPU
		{D2922472-B44D-4DB8-BFB2-614EE33B3458}.Release|Any CPU.Build.0 = Release|Any CPU
		{2C145FD0-15DA-4B57-9DAE-A1571069B094}.Debug|Any CPU.ActiveCfg = Debug|Any CPU
		{2C145FD0-15DA-4B57-9DAE-A1571069B094}.Debug|Any CPU.Build.0 = Debug|Any CPU
		{2C145FD0-15DA-4B57-9DAE-A1571069B094}.Release|Any CPU.ActiveCfg = Release|Any CPU
		{2C145FD0-15DA-4B57-9DAE-A1571069B094}.Release|Any CPU.Build.0 = Release|Any CPU
	EndGlobalSection
	GlobalSection(SolutionProperties) = preSolution
		HideSolutionNode = FALSE
	EndGlobalSection
	GlobalSection(ExtensibilityGlobals) = postSolution
		SolutionGuid = {68391E17-8152-4F57-BA1A-473851C07690}
	EndGlobalSection
EndGlobal
